// !$*UTF8*$!
{
	archiveVersion = 1;
	classes = {
	};
	objectVersion = 52;
	objects = {

/* Begin PBXBuildFile section */
		1006EBC0279877A9005953F2 /* Section.swift in Sources */ = {isa = PBXBuildFile; fileRef = 1006EBBF279877A9005953F2 /* Section.swift */; };
		1028FB63279586E900B4CEDE /* FSUserManager.swift in Sources */ = {isa = PBXBuildFile; fileRef = 1028FB62279586E900B4CEDE /* FSUserManager.swift */; };
		1028FB662795874000B4CEDE /* FSCollectionRefernce.swift in Sources */ = {isa = PBXBuildFile; fileRef = 1028FB652795874000B4CEDE /* FSCollectionRefernce.swift */; };
		1028FB692795882300B4CEDE /* Constants.swift in Sources */ = {isa = PBXBuildFile; fileRef = 1028FB682795882300B4CEDE /* Constants.swift */; };
		1028FB6C279588AA00B4CEDE /* UIViewController+Ext.swift in Sources */ = {isa = PBXBuildFile; fileRef = 1028FB6B279588AA00B4CEDE /* UIViewController+Ext.swift */; };
		1042C36A277C33EB00C9AAFD /* DetailsVC.swift in Sources */ = {isa = PBXBuildFile; fileRef = 1042C369277C33EB00C9AAFD /* DetailsVC.swift */; };
		1042C36C277C947600C9AAFD /* StoreImageCVCell.swift in Sources */ = {isa = PBXBuildFile; fileRef = 1042C36B277C947600C9AAFD /* StoreImageCVCell.swift */; };
		10492E3F2779CD97000F1D12 /* ForgotPassVC.swift in Sources */ = {isa = PBXBuildFile; fileRef = 10492E3E2779CD96000F1D12 /* ForgotPassVC.swift */; };
		10492E412779D8F1000F1D12 /* ClientProfileVC.swift in Sources */ = {isa = PBXBuildFile; fileRef = 10492E402779D8F1000F1D12 /* ClientProfileVC.swift */; };
		104DEC43279B778200E2071C /* Localizable.strings in Resources */ = {isa = PBXBuildFile; fileRef = 104DEC41279B775900E2071C /* Localizable.strings */; };
		104DEC46279B79C000E2071C /* Main.storyboard in Resources */ = {isa = PBXBuildFile; fileRef = 104DEC48279B79C000E2071C /* Main.storyboard */; };
		104E13732774AAAD0061BE6E /* FirebaseAuth in Frameworks */ = {isa = PBXBuildFile; productRef = 104E13722774AAAD0061BE6E /* FirebaseAuth */; };
		104E13752774AAAD0061BE6E /* FirebaseDatabase in Frameworks */ = {isa = PBXBuildFile; productRef = 104E13742774AAAD0061BE6E /* FirebaseDatabase */; };
		104E13772774AAAD0061BE6E /* FirebaseFirestore in Frameworks */ = {isa = PBXBuildFile; productRef = 104E13762774AAAD0061BE6E /* FirebaseFirestore */; };
		104E13792774AAAD0061BE6E /* FirebaseStorage in Frameworks */ = {isa = PBXBuildFile; productRef = 104E13782774AAAD0061BE6E /* FirebaseStorage */; };
		1062A293276F149900B9E46C /* StoreCVCell.swift in Sources */ = {isa = PBXBuildFile; fileRef = 1062A292276F149900B9E46C /* StoreCVCell.swift */; };
		1062A295276F1A0A00B9E46C /* OffersCollectionVC.swift in Sources */ = {isa = PBXBuildFile; fileRef = 1062A294276F1A0A00B9E46C /* OffersCollectionVC.swift */; };
		10669699276612D800A660AC /* AppDelegate.swift in Sources */ = {isa = PBXBuildFile; fileRef = 10669698276612D800A660AC /* AppDelegate.swift */; };
		1066969B276612D800A660AC /* SceneDelegate.swift in Sources */ = {isa = PBXBuildFile; fileRef = 1066969A276612D800A660AC /* SceneDelegate.swift */; };
		1066969D276612D800A660AC /* MainVC.swift in Sources */ = {isa = PBXBuildFile; fileRef = 1066969C276612D800A660AC /* MainVC.swift */; };
		106696A2276612D900A660AC /* Assets.xcassets in Resources */ = {isa = PBXBuildFile; fileRef = 106696A1276612D900A660AC /* Assets.xcassets */; };
		106696A5276612D900A660AC /* LaunchScreen.storyboard in Resources */ = {isa = PBXBuildFile; fileRef = 106696A3276612D900A660AC /* LaunchScreen.storyboard */; };
		106696E3277AEB7400B43A7C /* ImageCVCell.swift in Sources */ = {isa = PBXBuildFile; fileRef = 106696E2277AEB7400B43A7C /* ImageCVCell.swift */; };
		106696E5277B003E00B43A7C /* GoogleService-Info.plist in Resources */ = {isa = PBXBuildFile; fileRef = 106696E4277B003E00B43A7C /* GoogleService-Info.plist */; };
		106696EA277B306C00B43A7C /* SDWebImage in Frameworks */ = {isa = PBXBuildFile; productRef = 106696E9277B306C00B43A7C /* SDWebImage */; };
		106696EC277B306C00B43A7C /* SDWebImageMapKit in Frameworks */ = {isa = PBXBuildFile; productRef = 106696EB277B306C00B43A7C /* SDWebImageMapKit */; };
		106723E42782DE58007B271E /* GetOrderCVCell.swift in Sources */ = {isa = PBXBuildFile; fileRef = 106723E32782DE58007B271E /* GetOrderCVCell.swift */; };
		106723E62782DE8D007B271E /* GetOffersVC.swift in Sources */ = {isa = PBXBuildFile; fileRef = 106723E52782DE8D007B271E /* GetOffersVC.swift */; };
		106723E82782F074007B271E /* OwnerOrderCVCell.swift in Sources */ = {isa = PBXBuildFile; fileRef = 106723E72782F074007B271E /* OwnerOrderCVCell.swift */; };
		107E80BD276A158B00811237 /* CollectionVC.swift in Sources */ = {isa = PBXBuildFile; fileRef = 107E80BC276A158B00811237 /* CollectionVC.swift */; };
		1080531027706A2A006A4012 /* WelcomeVC.swift in Sources */ = {isa = PBXBuildFile; fileRef = 1080530F27706A2A006A4012 /* WelcomeVC.swift */; };
		1080531C2770AEB4006A4012 /* Store.swift in Sources */ = {isa = PBXBuildFile; fileRef = 1080531B2770AEB4006A4012 /* Store.swift */; };
		109BE44627941DFB00EC0EB2 /* UploadOffersVC.swift in Sources */ = {isa = PBXBuildFile; fileRef = 109BE44527941DFB00EC0EB2 /* UploadOffersVC.swift */; };
		109BE44827941E1400EC0EB2 /* OwnerOffersVC.swift in Sources */ = {isa = PBXBuildFile; fileRef = 109BE44727941E1400EC0EB2 /* OwnerOffersVC.swift */; };
		109BE44A27941E2D00EC0EB2 /* EditOwnerInfoVC.swift in Sources */ = {isa = PBXBuildFile; fileRef = 109BE44927941E2D00EC0EB2 /* EditOwnerInfoVC.swift */; };
		109BE44F2794209B00EC0EB2 /* LoginVC.swift in Sources */ = {isa = PBXBuildFile; fileRef = 109BE44B2794209A00EC0EB2 /* LoginVC.swift */; };
		109BE4502794209B00EC0EB2 /* OwnerLoginVC.swift in Sources */ = {isa = PBXBuildFile; fileRef = 109BE44C2794209A00EC0EB2 /* OwnerLoginVC.swift */; };
		109BE4512794209B00EC0EB2 /* OwnerSignUpVC.swift in Sources */ = {isa = PBXBuildFile; fileRef = 109BE44D2794209A00EC0EB2 /* OwnerSignUpVC.swift */; };
		109BE4522794209B00EC0EB2 /* SignUpVC.swift in Sources */ = {isa = PBXBuildFile; fileRef = 109BE44E2794209A00EC0EB2 /* SignUpVC.swift */; };
		109C5030279B1BA00009E673 /* MainTextField.swift in Sources */ = {isa = PBXBuildFile; fileRef = 109C502F279B1BA00009E673 /* MainTextField.swift */; };
		109C5033279B34440009E673 /* String+Ext.swift in Sources */ = {isa = PBXBuildFile; fileRef = 109C5032279B34440009E673 /* String+Ext.swift */; };
		10C31FFE27858CBE0038FD0D /* UpdateOwnerInfoVC.swift in Sources */ = {isa = PBXBuildFile; fileRef = 10C31FFD27858CBE0038FD0D /* UpdateOwnerInfoVC.swift */; };
		10C320002785939F0038FD0D /* UpdateUserInfoVC.swift in Sources */ = {isa = PBXBuildFile; fileRef = 10C31FFF2785939F0038FD0D /* UpdateUserInfoVC.swift */; };
		10C320022785B9190038FD0D /* ClientBookVC.swift in Sources */ = {isa = PBXBuildFile; fileRef = 10C320012785B9190038FD0D /* ClientBookVC.swift */; };
		10C320042785BCB80038FD0D /* Order.swift in Sources */ = {isa = PBXBuildFile; fileRef = 10C320032785BCB80038FD0D /* Order.swift */; };
		10CDDD6B27817BA70041C2B2 /* ForgotOwnerPassVC.swift in Sources */ = {isa = PBXBuildFile; fileRef = 10CDDD6A27817BA70041C2B2 /* ForgotOwnerPassVC.swift */; };
		10CDDD71278186560041C2B2 /* OwnerProfileVC.swift in Sources */ = {isa = PBXBuildFile; fileRef = 10CDDD70278186560041C2B2 /* OwnerProfileVC.swift */; };
		10D41B7827971BF000B3E97A /* ImageEditingCVCell.swift in Sources */ = {isa = PBXBuildFile; fileRef = 10D41B7727971BF000B3E97A /* ImageEditingCVCell.swift */; };
		10DEBB5727990443003005ED /* UIView+Ext.swift in Sources */ = {isa = PBXBuildFile; fileRef = 10DEBB5627990443003005ED /* UIView+Ext.swift */; };
/* End PBXBuildFile section */

/* Begin PBXFileReference section */
		1006EBBF279877A9005953F2 /* Section.swift */ = {isa = PBXFileReference; lastKnownFileType = sourcecode.swift; path = Section.swift; sourceTree = "<group>"; };
		1028FB62279586E900B4CEDE /* FSUserManager.swift */ = {isa = PBXFileReference; lastKnownFileType = sourcecode.swift; path = FSUserManager.swift; sourceTree = "<group>"; };
		1028FB652795874000B4CEDE /* FSCollectionRefernce.swift */ = {isa = PBXFileReference; lastKnownFileType = sourcecode.swift; path = FSCollectionRefernce.swift; sourceTree = "<group>"; };
		1028FB682795882300B4CEDE /* Constants.swift */ = {isa = PBXFileReference; lastKnownFileType = sourcecode.swift; path = Constants.swift; sourceTree = "<group>"; };
		1028FB6B279588AA00B4CEDE /* UIViewController+Ext.swift */ = {isa = PBXFileReference; lastKnownFileType = sourcecode.swift; path = "UIViewController+Ext.swift"; sourceTree = "<group>"; };
		1042C369277C33EB00C9AAFD /* DetailsVC.swift */ = {isa = PBXFileReference; lastKnownFileType = sourcecode.swift; path = DetailsVC.swift; sourceTree = "<group>"; };
		1042C36B277C947600C9AAFD /* StoreImageCVCell.swift */ = {isa = PBXFileReference; lastKnownFileType = sourcecode.swift; path = StoreImageCVCell.swift; sourceTree = "<group>"; };
		10492E3E2779CD96000F1D12 /* ForgotPassVC.swift */ = {isa = PBXFileReference; lastKnownFileType = sourcecode.swift; path = ForgotPassVC.swift; sourceTree = "<group>"; };
		10492E402779D8F1000F1D12 /* ClientProfileVC.swift */ = {isa = PBXFileReference; lastKnownFileType = sourcecode.swift; path = ClientProfileVC.swift; sourceTree = "<group>"; };
		104DEC40279B775900E2071C /* en */ = {isa = PBXFileReference; lastKnownFileType = text.plist.strings; name = en; path = en.lproj/Localizable.strings; sourceTree = "<group>"; };
		104DEC42279B777600E2071C /* ar */ = {isa = PBXFileReference; lastKnownFileType = text.plist.strings; name = ar; path = ar.lproj/Localizable.strings; sourceTree = "<group>"; };
		104DEC47279B79C000E2071C /* Base */ = {isa = PBXFileReference; lastKnownFileType = file.storyboard; name = Base; path = Base.lproj/Main.storyboard; sourceTree = "<group>"; };
		104DEC4A279B79C300E2071C /* ar */ = {isa = PBXFileReference; lastKnownFileType = text.plist.strings; name = ar; path = ar.lproj/Main.strings; sourceTree = "<group>"; };
		104DEC4C279B79F500E2071C /* en */ = {isa = PBXFileReference; lastKnownFileType = text.plist.strings; name = en; path = en.lproj/Main.strings; sourceTree = "<group>"; };
		1062A292276F149900B9E46C /* StoreCVCell.swift */ = {isa = PBXFileReference; lastKnownFileType = sourcecode.swift; path = StoreCVCell.swift; sourceTree = "<group>"; };
		1062A294276F1A0A00B9E46C /* OffersCollectionVC.swift */ = {isa = PBXFileReference; lastKnownFileType = sourcecode.swift; path = OffersCollectionVC.swift; sourceTree = "<group>"; };
		10669695276612D800A660AC /* Boat4You.app */ = {isa = PBXFileReference; explicitFileType = wrapper.application; includeInIndex = 0; path = Boat4You.app; sourceTree = BUILT_PRODUCTS_DIR; };
		10669698276612D800A660AC /* AppDelegate.swift */ = {isa = PBXFileReference; lastKnownFileType = sourcecode.swift; path = AppDelegate.swift; sourceTree = "<group>"; };
		1066969A276612D800A660AC /* SceneDelegate.swift */ = {isa = PBXFileReference; lastKnownFileType = sourcecode.swift; path = SceneDelegate.swift; sourceTree = "<group>"; };
		1066969C276612D800A660AC /* MainVC.swift */ = {isa = PBXFileReference; lastKnownFileType = sourcecode.swift; path = MainVC.swift; sourceTree = "<group>"; };
		106696A1276612D900A660AC /* Assets.xcassets */ = {isa = PBXFileReference; lastKnownFileType = folder.assetcatalog; path = Assets.xcassets; sourceTree = "<group>"; };
		106696A4276612D900A660AC /* Base */ = {isa = PBXFileReference; lastKnownFileType = file.storyboard; name = Base; path = Base.lproj/LaunchScreen.storyboard; sourceTree = "<group>"; };
		106696A6276612D900A660AC /* Info.plist */ = {isa = PBXFileReference; lastKnownFileType = text.plist.xml; path = Info.plist; sourceTree = "<group>"; };
		106696E2277AEB7400B43A7C /* ImageCVCell.swift */ = {isa = PBXFileReference; lastKnownFileType = sourcecode.swift; path = ImageCVCell.swift; sourceTree = "<group>"; };
		106696E4277B003E00B43A7C /* GoogleService-Info.plist */ = {isa = PBXFileReference; fileEncoding = 4; lastKnownFileType = text.plist.xml; path = "GoogleService-Info.plist"; sourceTree = "<group>"; };
		106723E32782DE58007B271E /* GetOrderCVCell.swift */ = {isa = PBXFileReference; lastKnownFileType = sourcecode.swift; path = GetOrderCVCell.swift; sourceTree = "<group>"; };
		106723E52782DE8D007B271E /* GetOffersVC.swift */ = {isa = PBXFileReference; lastKnownFileType = sourcecode.swift; path = GetOffersVC.swift; sourceTree = "<group>"; };
		106723E72782F074007B271E /* OwnerOrderCVCell.swift */ = {isa = PBXFileReference; lastKnownFileType = sourcecode.swift; path = OwnerOrderCVCell.swift; sourceTree = "<group>"; };
		107E80BC276A158B00811237 /* CollectionVC.swift */ = {isa = PBXFileReference; lastKnownFileType = sourcecode.swift; path = CollectionVC.swift; sourceTree = "<group>"; };
		1080530F27706A2A006A4012 /* WelcomeVC.swift */ = {isa = PBXFileReference; lastKnownFileType = sourcecode.swift; path = WelcomeVC.swift; sourceTree = "<group>"; };
		1080531B2770AEB4006A4012 /* Store.swift */ = {isa = PBXFileReference; lastKnownFileType = sourcecode.swift; path = Store.swift; sourceTree = "<group>"; };
		109BE44527941DFB00EC0EB2 /* UploadOffersVC.swift */ = {isa = PBXFileReference; fileEncoding = 4; lastKnownFileType = sourcecode.swift; path = UploadOffersVC.swift; sourceTree = "<group>"; };
		109BE44727941E1400EC0EB2 /* OwnerOffersVC.swift */ = {isa = PBXFileReference; fileEncoding = 4; lastKnownFileType = sourcecode.swift; path = OwnerOffersVC.swift; sourceTree = "<group>"; };
		109BE44927941E2D00EC0EB2 /* EditOwnerInfoVC.swift */ = {isa = PBXFileReference; fileEncoding = 4; lastKnownFileType = sourcecode.swift; path = EditOwnerInfoVC.swift; sourceTree = "<group>"; };
		109BE44B2794209A00EC0EB2 /* LoginVC.swift */ = {isa = PBXFileReference; fileEncoding = 4; lastKnownFileType = sourcecode.swift; path = LoginVC.swift; sourceTree = "<group>"; };
		109BE44C2794209A00EC0EB2 /* OwnerLoginVC.swift */ = {isa = PBXFileReference; fileEncoding = 4; lastKnownFileType = sourcecode.swift; path = OwnerLoginVC.swift; sourceTree = "<group>"; };
		109BE44D2794209A00EC0EB2 /* OwnerSignUpVC.swift */ = {isa = PBXFileReference; fileEncoding = 4; lastKnownFileType = sourcecode.swift; path = OwnerSignUpVC.swift; sourceTree = "<group>"; };
		109BE44E2794209A00EC0EB2 /* SignUpVC.swift */ = {isa = PBXFileReference; fileEncoding = 4; lastKnownFileType = sourcecode.swift; path = SignUpVC.swift; sourceTree = "<group>"; };
		109C502F279B1BA00009E673 /* MainTextField.swift */ = {isa = PBXFileReference; lastKnownFileType = sourcecode.swift; path = MainTextField.swift; sourceTree = "<group>"; };
		109C5032279B34440009E673 /* String+Ext.swift */ = {isa = PBXFileReference; lastKnownFileType = sourcecode.swift; path = "String+Ext.swift"; sourceTree = "<group>"; };
		10C31FFD27858CBE0038FD0D /* UpdateOwnerInfoVC.swift */ = {isa = PBXFileReference; lastKnownFileType = sourcecode.swift; path = UpdateOwnerInfoVC.swift; sourceTree = "<group>"; };
		10C31FFF2785939F0038FD0D /* UpdateUserInfoVC.swift */ = {isa = PBXFileReference; lastKnownFileType = sourcecode.swift; path = UpdateUserInfoVC.swift; sourceTree = "<group>"; };
		10C320012785B9190038FD0D /* ClientBookVC.swift */ = {isa = PBXFileReference; lastKnownFileType = sourcecode.swift; path = ClientBookVC.swift; sourceTree = "<group>"; };
		10C320032785BCB80038FD0D /* Order.swift */ = {isa = PBXFileReference; lastKnownFileType = sourcecode.swift; path = Order.swift; sourceTree = "<group>"; };
		10CDDD6A27817BA70041C2B2 /* ForgotOwnerPassVC.swift */ = {isa = PBXFileReference; lastKnownFileType = sourcecode.swift; path = ForgotOwnerPassVC.swift; sourceTree = "<group>"; };
		10CDDD70278186560041C2B2 /* OwnerProfileVC.swift */ = {isa = PBXFileReference; lastKnownFileType = sourcecode.swift; path = OwnerProfileVC.swift; sourceTree = "<group>"; };
		10D41B7727971BF000B3E97A /* ImageEditingCVCell.swift */ = {isa = PBXFileReference; fileEncoding = 4; lastKnownFileType = sourcecode.swift; path = ImageEditingCVCell.swift; sourceTree = "<group>"; };
		10DEBB5627990443003005ED /* UIView+Ext.swift */ = {isa = PBXFileReference; lastKnownFileType = sourcecode.swift; path = "UIView+Ext.swift"; sourceTree = "<group>"; };
/* End PBXFileReference section */

/* Begin PBXFrameworksBuildPhase section */
		10669692276612D800A660AC /* Frameworks */ = {
			isa = PBXFrameworksBuildPhase;
			buildActionMask = 2147483647;
			files = (
				104E13752774AAAD0061BE6E /* FirebaseDatabase in Frameworks */,
				104E13792774AAAD0061BE6E /* FirebaseStorage in Frameworks */,
				104E13732774AAAD0061BE6E /* FirebaseAuth in Frameworks */,
				104E13772774AAAD0061BE6E /* FirebaseFirestore in Frameworks */,
				106696EC277B306C00B43A7C /* SDWebImageMapKit in Frameworks */,
				106696EA277B306C00B43A7C /* SDWebImage in Frameworks */,
			);
			runOnlyForDeploymentPostprocessing = 0;
		};
/* End PBXFrameworksBuildPhase section */

/* Begin PBXGroup section */
		102360822786C32D00A71CD3 /* Profile */ = {
			isa = PBXGroup;
			children = (
				10D41B7A27973EA400B3E97A /* Owner */,
				10D41B7927973E9300B3E97A /* Client */,
			);
			path = Profile;
			sourceTree = "<group>";
		};
		1028FB61279586A400B4CEDE /* Managers */ = {
			isa = PBXGroup;
			children = (
				1028FB62279586E900B4CEDE /* FSUserManager.swift */,
			);
			path = Managers;
			sourceTree = "<group>";
		};
		1028FB64279586FA00B4CEDE /* Manager_Helpers */ = {
			isa = PBXGroup;
			children = (
				1028FB652795874000B4CEDE /* FSCollectionRefernce.swift */,
			);
			path = Manager_Helpers;
			sourceTree = "<group>";
		};
		1028FB67279587EE00B4CEDE /* Common */ = {
			isa = PBXGroup;
			children = (
				109C5036279B34980009E673 /* Translation */,
				109C5031279B2F9F0009E673 /* TextField */,
				108053152770A937006A4012 /* Models */,
				1028FB6A2795887900B4CEDE /* Extentions */,
				1028FB682795882300B4CEDE /* Constants.swift */,
			);
			path = Common;
			sourceTree = "<group>";
		};
		1028FB6A2795887900B4CEDE /* Extentions */ = {
			isa = PBXGroup;
			children = (
				1028FB6B279588AA00B4CEDE /* UIViewController+Ext.swift */,
				10DEBB5627990443003005ED /* UIView+Ext.swift */,
				109C5032279B34440009E673 /* String+Ext.swift */,
			);
			path = Extentions;
			sourceTree = "<group>";
		};
		102A99F12796B509008CC7C1 /* User */ = {
			isa = PBXGroup;
			children = (
				109BE44B2794209A00EC0EB2 /* LoginVC.swift */,
				109BE44E2794209A00EC0EB2 /* SignUpVC.swift */,
				10CDDD6A27817BA70041C2B2 /* ForgotOwnerPassVC.swift */,
			);
			path = User;
			sourceTree = "<group>";
		};
		102A99F22796B513008CC7C1 /* Owner */ = {
			isa = PBXGroup;
			children = (
				109BE44C2794209A00EC0EB2 /* OwnerLoginVC.swift */,
				109BE44D2794209A00EC0EB2 /* OwnerSignUpVC.swift */,
				10492E3E2779CD96000F1D12 /* ForgotPassVC.swift */,
			);
			path = Owner;
			sourceTree = "<group>";
		};
		105A963A2786FA0600308B63 /* Custom_Cells */ = {
			isa = PBXGroup;
			children = (
				106723E32782DE58007B271E /* GetOrderCVCell.swift */,
				10D41B7727971BF000B3E97A /* ImageEditingCVCell.swift */,
				106696E2277AEB7400B43A7C /* ImageCVCell.swift */,
				107E80BC276A158B00811237 /* CollectionVC.swift */,
				1042C36B277C947600C9AAFD /* StoreImageCVCell.swift */,
				106723E72782F074007B271E /* OwnerOrderCVCell.swift */,
				1062A292276F149900B9E46C /* StoreCVCell.swift */,
			);
			path = Custom_Cells;
			sourceTree = "<group>";
		};
		1066968C276612D800A660AC = {
			isa = PBXGroup;
			children = (
				10669697276612D800A660AC /* Boat4You */,
				10669696276612D800A660AC /* Products */,
			);
			sourceTree = "<group>";
		};
		10669696276612D800A660AC /* Products */ = {
			isa = PBXGroup;
			children = (
				10669695276612D800A660AC /* Boat4You.app */,
			);
			name = Products;
			sourceTree = "<group>";
		};
		10669697276612D800A660AC /* Boat4You */ = {
			isa = PBXGroup;
			children = (
				1028FB61279586A400B4CEDE /* Managers */,
				1028FB64279586FA00B4CEDE /* Manager_Helpers */,
				1028FB67279587EE00B4CEDE /* Common */,
				108053162770A947006A4012 /* Screens */,
				105A963A2786FA0600308B63 /* Custom_Cells */,
				108053172770A9AB006A4012 /* Views */,
				108053192770A9C9006A4012 /* Support */,
				106696A6276612D900A660AC /* Info.plist */,
				106696E4277B003E00B43A7C /* GoogleService-Info.plist */,
			);
			path = Boat4You;
			sourceTree = "<group>";
		};
		106696EE277B48B600B43A7C /* Authentication */ = {
			isa = PBXGroup;
			children = (
				102A99F22796B513008CC7C1 /* Owner */,
				102A99F12796B509008CC7C1 /* User */,
			);
			path = Authentication;
			sourceTree = "<group>";
		};
		107ACA0F278701B700E9706F /* Orders */ = {
			isa = PBXGroup;
			children = (
				106723E52782DE8D007B271E /* GetOffersVC.swift */,
				109BE44727941E1400EC0EB2 /* OwnerOffersVC.swift */,
				10C320012785B9190038FD0D /* ClientBookVC.swift */,
			);
			path = Orders;
			sourceTree = "<group>";
		};
		107ACA102787057100E9706F /* Welcome_animation */ = {
			isa = PBXGroup;
			children = (
				1080530F27706A2A006A4012 /* WelcomeVC.swift */,
			);
			path = Welcome_animation;
			sourceTree = "<group>";
		};
		107ACA112787061600E9706F /* Rental_Service */ = {
			isa = PBXGroup;
			children = (
				109BE44527941DFB00EC0EB2 /* UploadOffersVC.swift */,
				1042C369277C33EB00C9AAFD /* DetailsVC.swift */,
			);
			path = Rental_Service;
			sourceTree = "<group>";
		};
		108053152770A937006A4012 /* Models */ = {
			isa = PBXGroup;
			children = (
				1080531B2770AEB4006A4012 /* Store.swift */,
				10C320032785BCB80038FD0D /* Order.swift */,
				1006EBBF279877A9005953F2 /* Section.swift */,
			);
			path = Models;
			sourceTree = "<group>";
		};
		108053162770A947006A4012 /* Screens */ = {
			isa = PBXGroup;
			children = (
				107ACA112787061600E9706F /* Rental_Service */,
				107ACA102787057100E9706F /* Welcome_animation */,
				107ACA0F278701B700E9706F /* Orders */,
				102360822786C32D00A71CD3 /* Profile */,
				106696EE277B48B600B43A7C /* Authentication */,
				1062A294276F1A0A00B9E46C /* OffersCollectionVC.swift */,
				109BE44927941E2D00EC0EB2 /* EditOwnerInfoVC.swift */,
				1066969C276612D800A660AC /* MainVC.swift */,
			);
			path = Screens;
			sourceTree = "<group>";
		};
		108053172770A9AB006A4012 /* Views */ = {
			isa = PBXGroup;
			children = (
				104DEC48279B79C000E2071C /* Main.storyboard */,
				106696A3276612D900A660AC /* LaunchScreen.storyboard */,
			);
			path = Views;
			sourceTree = "<group>";
		};
		108053192770A9C9006A4012 /* Support */ = {
			isa = PBXGroup;
			children = (
				10669698276612D800A660AC /* AppDelegate.swift */,
				1066969A276612D800A660AC /* SceneDelegate.swift */,
				106696A1276612D900A660AC /* Assets.xcassets */,
			);
			path = Support;
			sourceTree = "<group>";
		};
		109C5031279B2F9F0009E673 /* TextField */ = {
			isa = PBXGroup;
			children = (
				109C502F279B1BA00009E673 /* MainTextField.swift */,
			);
			path = TextField;
			sourceTree = "<group>";
		};
		109C5036279B34980009E673 /* Translation */ = {
			isa = PBXGroup;
			children = (
				104DEC41279B775900E2071C /* Localizable.strings */,
			);
			path = Translation;
			sourceTree = "<group>";
		};
		10D41B7927973E9300B3E97A /* Client */ = {
			isa = PBXGroup;
			children = (
				10492E402779D8F1000F1D12 /* ClientProfileVC.swift */,
				10C31FFF2785939F0038FD0D /* UpdateUserInfoVC.swift */,
			);
			path = Client;
			sourceTree = "<group>";
		};
		10D41B7A27973EA400B3E97A /* Owner */ = {
			isa = PBXGroup;
			children = (
				10CDDD70278186560041C2B2 /* OwnerProfileVC.swift */,
				10C31FFD27858CBE0038FD0D /* UpdateOwnerInfoVC.swift */,
			);
			path = Owner;
			sourceTree = "<group>";
		};
/* End PBXGroup section */

/* Begin PBXNativeTarget section */
		10669694276612D800A660AC /* Boat4You */ = {
			isa = PBXNativeTarget;
			buildConfigurationList = 106696A9276612D900A660AC /* Build configuration list for PBXNativeTarget "Boat4You" */;
			buildPhases = (
				10669691276612D800A660AC /* Sources */,
				10669692276612D800A660AC /* Frameworks */,
				10669693276612D800A660AC /* Resources */,
			);
			buildRules = (
			);
			dependencies = (
			);
			name = Boat4You;
			packageProductDependencies = (
				104E13722774AAAD0061BE6E /* FirebaseAuth */,
				104E13742774AAAD0061BE6E /* FirebaseDatabase */,
				104E13762774AAAD0061BE6E /* FirebaseFirestore */,
				104E13782774AAAD0061BE6E /* FirebaseStorage */,
				106696E9277B306C00B43A7C /* SDWebImage */,
				106696EB277B306C00B43A7C /* SDWebImageMapKit */,
			);
			productName = Boot4You;
			productReference = 10669695276612D800A660AC /* Boat4You.app */;
			productType = "com.apple.product-type.application";
		};
/* End PBXNativeTarget section */

/* Begin PBXProject section */
		1066968D276612D800A660AC /* Project object */ = {
			isa = PBXProject;
			attributes = {
				LastSwiftUpdateCheck = 1250;
				LastUpgradeCheck = 1250;
				TargetAttributes = {
					10669694276612D800A660AC = {
						CreatedOnToolsVersion = 12.5;
					};
				};
			};
			buildConfigurationList = 10669690276612D800A660AC /* Build configuration list for PBXProject "Boat4You" */;
			compatibilityVersion = "Xcode 9.3";
			developmentRegion = en;
			hasScannedForEncodings = 0;
			knownRegions = (
				en,
				Base,
				ar,
			);
			mainGroup = 1066968C276612D800A660AC;
			packageReferences = (
				104E13712774AAAD0061BE6E /* XCRemoteSwiftPackageReference "firebase-ios-sdk" */,
				106696E8277B306C00B43A7C /* XCRemoteSwiftPackageReference "SDWebImage" */,
			);
			productRefGroup = 10669696276612D800A660AC /* Products */;
			projectDirPath = "";
			projectRoot = "";
			targets = (
				10669694276612D800A660AC /* Boat4You */,
			);
		};
/* End PBXProject section */

/* Begin PBXResourcesBuildPhase section */
		10669693276612D800A660AC /* Resources */ = {
			isa = PBXResourcesBuildPhase;
			buildActionMask = 2147483647;
			files = (
				104DEC43279B778200E2071C /* Localizable.strings in Resources */,
				104DEC46279B79C000E2071C /* Main.storyboard in Resources */,
				106696A5276612D900A660AC /* LaunchScreen.storyboard in Resources */,
				106696A2276612D900A660AC /* Assets.xcassets in Resources */,
				106696E5277B003E00B43A7C /* GoogleService-Info.plist in Resources */,
			);
			runOnlyForDeploymentPostprocessing = 0;
		};
/* End PBXResourcesBuildPhase section */

/* Begin PBXSourcesBuildPhase section */
		10669691276612D800A660AC /* Sources */ = {
			isa = PBXSourcesBuildPhase;
			buildActionMask = 2147483647;
			files = (
				109BE4502794209B00EC0EB2 /* OwnerLoginVC.swift in Sources */,
				1028FB692795882300B4CEDE /* Constants.swift in Sources */,
				1028FB6C279588AA00B4CEDE /* UIViewController+Ext.swift in Sources */,
				1028FB63279586E900B4CEDE /* FSUserManager.swift in Sources */,
				10D41B7827971BF000B3E97A /* ImageEditingCVCell.swift in Sources */,
				10C320022785B9190038FD0D /* ClientBookVC.swift in Sources */,
				1066969D276612D800A660AC /* MainVC.swift in Sources */,
				109BE44F2794209B00EC0EB2 /* LoginVC.swift in Sources */,
				1080531027706A2A006A4012 /* WelcomeVC.swift in Sources */,
				106723E42782DE58007B271E /* GetOrderCVCell.swift in Sources */,
				1006EBC0279877A9005953F2 /* Section.swift in Sources */,
				1028FB662795874000B4CEDE /* FSCollectionRefernce.swift in Sources */,
				1062A295276F1A0A00B9E46C /* OffersCollectionVC.swift in Sources */,
				10492E412779D8F1000F1D12 /* ClientProfileVC.swift in Sources */,
				106723E62782DE8D007B271E /* GetOffersVC.swift in Sources */,
				10CDDD6B27817BA70041C2B2 /* ForgotOwnerPassVC.swift in Sources */,
				1080531C2770AEB4006A4012 /* Store.swift in Sources */,
				106696E3277AEB7400B43A7C /* ImageCVCell.swift in Sources */,
				109BE44A27941E2D00EC0EB2 /* EditOwnerInfoVC.swift in Sources */,
				10C31FFE27858CBE0038FD0D /* UpdateOwnerInfoVC.swift in Sources */,
				109BE44827941E1400EC0EB2 /* OwnerOffersVC.swift in Sources */,
				10CDDD71278186560041C2B2 /* OwnerProfileVC.swift in Sources */,
				10492E3F2779CD97000F1D12 /* ForgotPassVC.swift in Sources */,
				1042C36A277C33EB00C9AAFD /* DetailsVC.swift in Sources */,
				109BE4522794209B00EC0EB2 /* SignUpVC.swift in Sources */,
				106723E82782F074007B271E /* OwnerOrderCVCell.swift in Sources */,
				109BE4512794209B00EC0EB2 /* OwnerSignUpVC.swift in Sources */,
				109C5030279B1BA00009E673 /* MainTextField.swift in Sources */,
				10C320042785BCB80038FD0D /* Order.swift in Sources */,
				1062A293276F149900B9E46C /* StoreCVCell.swift in Sources */,
				10C320002785939F0038FD0D /* UpdateUserInfoVC.swift in Sources */,
				109BE44627941DFB00EC0EB2 /* UploadOffersVC.swift in Sources */,
				109C5033279B34440009E673 /* String+Ext.swift in Sources */,
				10669699276612D800A660AC /* AppDelegate.swift in Sources */,
				10DEBB5727990443003005ED /* UIView+Ext.swift in Sources */,
				1042C36C277C947600C9AAFD /* StoreImageCVCell.swift in Sources */,
				107E80BD276A158B00811237 /* CollectionVC.swift in Sources */,
				1066969B276612D800A660AC /* SceneDelegate.swift in Sources */,
			);
			runOnlyForDeploymentPostprocessing = 0;
		};
/* End PBXSourcesBuildPhase section */

/* Begin PBXVariantGroup section */
		104DEC41279B775900E2071C /* Localizable.strings */ = {
			isa = PBXVariantGroup;
			children = (
				104DEC40279B775900E2071C /* en */,
				104DEC42279B777600E2071C /* ar */,
			);
			name = Localizable.strings;
			sourceTree = "<group>";
			usesTabs = 0;
		};
		104DEC48279B79C000E2071C /* Main.storyboard */ = {
			isa = PBXVariantGroup;
			children = (
				104DEC47279B79C000E2071C /* Base */,
				104DEC4A279B79C300E2071C /* ar */,
				104DEC4C279B79F500E2071C /* en */,
			);
			name = Main.storyboard;
			sourceTree = "<group>";
		};
		106696A3276612D900A660AC /* LaunchScreen.storyboard */ = {
			isa = PBXVariantGroup;
			children = (
				106696A4276612D900A660AC /* Base */,
			);
			name = LaunchScreen.storyboard;
			sourceTree = "<group>";
		};
/* End PBXVariantGroup section */

/* Begin XCBuildConfiguration section */
		106696A7276612D900A660AC /* Debug */ = {
			isa = XCBuildConfiguration;
			buildSettings = {
				ALWAYS_SEARCH_USER_PATHS = NO;
				CLANG_ANALYZER_LOCALIZABILITY_NONLOCALIZED = YES;
				CLANG_ANALYZER_NONNULL = YES;
				CLANG_ANALYZER_NUMBER_OBJECT_CONVERSION = YES_AGGRESSIVE;
				CLANG_CXX_LANGUAGE_STANDARD = "gnu++14";
				CLANG_CXX_LIBRARY = "libc++";
				CLANG_ENABLE_MODULES = YES;
				CLANG_ENABLE_OBJC_ARC = YES;
				CLANG_ENABLE_OBJC_WEAK = YES;
				CLANG_WARN_BLOCK_CAPTURE_AUTORELEASING = YES;
				CLANG_WARN_BOOL_CONVERSION = YES;
				CLANG_WARN_COMMA = YES;
				CLANG_WARN_CONSTANT_CONVERSION = YES;
				CLANG_WARN_DEPRECATED_OBJC_IMPLEMENTATIONS = YES;
				CLANG_WARN_DIRECT_OBJC_ISA_USAGE = YES_ERROR;
				CLANG_WARN_DOCUMENTATION_COMMENTS = YES;
				CLANG_WARN_EMPTY_BODY = YES;
				CLANG_WARN_ENUM_CONVERSION = YES;
				CLANG_WARN_INFINITE_RECURSION = YES;
				CLANG_WARN_INT_CONVERSION = YES;
				CLANG_WARN_NON_LITERAL_NULL_CONVERSION = YES;
				CLANG_WARN_OBJC_IMPLICIT_RETAIN_SELF = YES;
				CLANG_WARN_OBJC_LITERAL_CONVERSION = YES;
				CLANG_WARN_OBJC_ROOT_CLASS = YES_ERROR;
				CLANG_WARN_QUOTED_INCLUDE_IN_FRAMEWORK_HEADER = YES;
				CLANG_WARN_RANGE_LOOP_ANALYSIS = YES;
				CLANG_WARN_STRICT_PROTOTYPES = YES;
				CLANG_WARN_SUSPICIOUS_MOVE = YES;
				CLANG_WARN_UNGUARDED_AVAILABILITY = YES_AGGRESSIVE;
				CLANG_WARN_UNREACHABLE_CODE = YES;
				CLANG_WARN__DUPLICATE_METHOD_MATCH = YES;
				COPY_PHASE_STRIP = NO;
				DEBUG_INFORMATION_FORMAT = dwarf;
				ENABLE_STRICT_OBJC_MSGSEND = YES;
				ENABLE_TESTABILITY = YES;
				GCC_C_LANGUAGE_STANDARD = gnu11;
				GCC_DYNAMIC_NO_PIC = NO;
				GCC_NO_COMMON_BLOCKS = YES;
				GCC_OPTIMIZATION_LEVEL = 0;
				GCC_PREPROCESSOR_DEFINITIONS = (
					"DEBUG=1",
					"$(inherited)",
				);
				GCC_WARN_64_TO_32_BIT_CONVERSION = YES;
				GCC_WARN_ABOUT_RETURN_TYPE = YES_ERROR;
				GCC_WARN_UNDECLARED_SELECTOR = YES;
				GCC_WARN_UNINITIALIZED_AUTOS = YES_AGGRESSIVE;
				GCC_WARN_UNUSED_FUNCTION = YES;
				GCC_WARN_UNUSED_VARIABLE = YES;
				IPHONEOS_DEPLOYMENT_TARGET = 14.5;
				MTL_ENABLE_DEBUG_INFO = INCLUDE_SOURCE;
				MTL_FAST_MATH = YES;
				ONLY_ACTIVE_ARCH = YES;
				SDKROOT = iphoneos;
				SWIFT_ACTIVE_COMPILATION_CONDITIONS = DEBUG;
				SWIFT_OPTIMIZATION_LEVEL = "-Onone";
			};
			name = Debug;
		};
		106696A8276612D900A660AC /* Release */ = {
			isa = XCBuildConfiguration;
			buildSettings = {
				ALWAYS_SEARCH_USER_PATHS = NO;
				CLANG_ANALYZER_LOCALIZABILITY_NONLOCALIZED = YES;
				CLANG_ANALYZER_NONNULL = YES;
				CLANG_ANALYZER_NUMBER_OBJECT_CONVERSION = YES_AGGRESSIVE;
				CLANG_CXX_LANGUAGE_STANDARD = "gnu++14";
				CLANG_CXX_LIBRARY = "libc++";
				CLANG_ENABLE_MODULES = YES;
				CLANG_ENABLE_OBJC_ARC = YES;
				CLANG_ENABLE_OBJC_WEAK = YES;
				CLANG_WARN_BLOCK_CAPTURE_AUTORELEASING = YES;
				CLANG_WARN_BOOL_CONVERSION = YES;
				CLANG_WARN_COMMA = YES;
				CLANG_WARN_CONSTANT_CONVERSION = YES;
				CLANG_WARN_DEPRECATED_OBJC_IMPLEMENTATIONS = YES;
				CLANG_WARN_DIRECT_OBJC_ISA_USAGE = YES_ERROR;
				CLANG_WARN_DOCUMENTATION_COMMENTS = YES;
				CLANG_WARN_EMPTY_BODY = YES;
				CLANG_WARN_ENUM_CONVERSION = YES;
				CLANG_WARN_INFINITE_RECURSION = YES;
				CLANG_WARN_INT_CONVERSION = YES;
				CLANG_WARN_NON_LITERAL_NULL_CONVERSION = YES;
				CLANG_WARN_OBJC_IMPLICIT_RETAIN_SELF = YES;
				CLANG_WARN_OBJC_LITERAL_CONVERSION = YES;
				CLANG_WARN_OBJC_ROOT_CLASS = YES_ERROR;
				CLANG_WARN_QUOTED_INCLUDE_IN_FRAMEWORK_HEADER = YES;
				CLANG_WARN_RANGE_LOOP_ANALYSIS = YES;
				CLANG_WARN_STRICT_PROTOTYPES = YES;
				CLANG_WARN_SUSPICIOUS_MOVE = YES;
				CLANG_WARN_UNGUARDED_AVAILABILITY = YES_AGGRESSIVE;
				CLANG_WARN_UNREACHABLE_CODE = YES;
				CLANG_WARN__DUPLICATE_METHOD_MATCH = YES;
				COPY_PHASE_STRIP = NO;
				DEBUG_INFORMATION_FORMAT = "dwarf-with-dsym";
				ENABLE_NS_ASSERTIONS = NO;
				ENABLE_STRICT_OBJC_MSGSEND = YES;
				GCC_C_LANGUAGE_STANDARD = gnu11;
				GCC_NO_COMMON_BLOCKS = YES;
				GCC_WARN_64_TO_32_BIT_CONVERSION = YES;
				GCC_WARN_ABOUT_RETURN_TYPE = YES_ERROR;
				GCC_WARN_UNDECLARED_SELECTOR = YES;
				GCC_WARN_UNINITIALIZED_AUTOS = YES_AGGRESSIVE;
				GCC_WARN_UNUSED_FUNCTION = YES;
				GCC_WARN_UNUSED_VARIABLE = YES;
				IPHONEOS_DEPLOYMENT_TARGET = 14.5;
				MTL_ENABLE_DEBUG_INFO = NO;
				MTL_FAST_MATH = YES;
				SDKROOT = iphoneos;
				SWIFT_COMPILATION_MODE = wholemodule;
				SWIFT_OPTIMIZATION_LEVEL = "-O";
				VALIDATE_PRODUCT = YES;
			};
			name = Release;
		};
		106696AA276612D900A660AC /* Debug */ = {
			isa = XCBuildConfiguration;
			buildSettings = {
				ASSETCATALOG_COMPILER_APPICON_NAME = AppIcon;
				ASSETCATALOG_COMPILER_GLOBAL_ACCENT_COLOR_NAME = AccentColor;
				CODE_SIGN_STYLE = Automatic;
				DEVELOPMENT_TEAM = 8TC6NM65Z3;
				INFOPLIST_FILE = Boat4You/Info.plist;
				LD_RUNPATH_SEARCH_PATHS = (
					"$(inherited)",
					"@executable_path/Frameworks",
				);
				PRODUCT_BUNDLE_IDENTIFIER = com.mohammed.Boot4You;
				PRODUCT_NAME = "$(TARGET_NAME)";
				SWIFT_VERSION = 5.0;
				TARGETED_DEVICE_FAMILY = "1,2";
			};
			name = Debug;
		};
		106696AB276612D900A660AC /* Release */ = {
			isa = XCBuildConfiguration;
			buildSettings = {
				ASSETCATALOG_COMPILER_APPICON_NAME = AppIcon;
				ASSETCATALOG_COMPILER_GLOBAL_ACCENT_COLOR_NAME = AccentColor;
				CODE_SIGN_STYLE = Automatic;
				DEVELOPMENT_TEAM = 8TC6NM65Z3;
				INFOPLIST_FILE = Boat4You/Info.plist;
				LD_RUNPATH_SEARCH_PATHS = (
					"$(inherited)",
					"@executable_path/Frameworks",
				);
				PRODUCT_BUNDLE_IDENTIFIER = com.mohammed.Boot4You;
				PRODUCT_NAME = "$(TARGET_NAME)";
				SWIFT_VERSION = 5.0;
				TARGETED_DEVICE_FAMILY = "1,2";
			};
			name = Release;
		};
/* End XCBuildConfiguration section */

/* Begin XCConfigurationList section */
		10669690276612D800A660AC /* Build configuration list for PBXProject "Boat4You" */ = {
			isa = XCConfigurationList;
			buildConfigurations = (
				106696A7276612D900A660AC /* Debug */,
				106696A8276612D900A660AC /* Release */,
			);
			defaultConfigurationIsVisible = 0;
			defaultConfigurationName = Release;
		};
		106696A9276612D900A660AC /* Build configuration list for PBXNativeTarget "Boat4You" */ = {
			isa = XCConfigurationList;
			buildConfigurations = (
				106696AA276612D900A660AC /* Debug */,
				106696AB276612D900A660AC /* Release */,
			);
			defaultConfigurationIsVisible = 0;
			defaultConfigurationName = Release;
		};
/* End XCConfigurationList section */

/* Begin XCRemoteSwiftPackageReference section */
		104E13712774AAAD0061BE6E /* XCRemoteSwiftPackageReference "firebase-ios-sdk" */ = {
			isa = XCRemoteSwiftPackageReference;
			repositoryURL = "https://github.com/firebase/firebase-ios-sdk";
			requirement = {
				branch = master;
				kind = branch;
			};
		};
		106696E8277B306C00B43A7C /* XCRemoteSwiftPackageReference "SDWebImage" */ = {
			isa = XCRemoteSwiftPackageReference;
			repositoryURL = "https://github.com/SDWebImage/SDWebImage.git";
			requirement = {
				kind = upToNextMajorVersion;
				minimumVersion = 5.0.0;
			};
		};
/* End XCRemoteSwiftPackageReference section */

/* Begin XCSwiftPackageProductDependency section */
		104E13722774AAAD0061BE6E /* FirebaseAuth */ = {
			isa = XCSwiftPackageProductDependency;
			package = 104E13712774AAAD0061BE6E /* XCRemoteSwiftPackageReference "firebase-ios-sdk" */;
			productName = FirebaseAuth;
		};
		104E13742774AAAD0061BE6E /* FirebaseDatabase */ = {
			isa = XCSwiftPackageProductDependency;
			package = 104E13712774AAAD0061BE6E /* XCRemoteSwiftPackageReference "firebase-ios-sdk" */;
			productName = FirebaseDatabase;
		};
		104E13762774AAAD0061BE6E /* FirebaseFirestore */ = {
			isa = XCSwiftPackageProductDependency;
			package = 104E13712774AAAD0061BE6E /* XCRemoteSwiftPackageReference "firebase-ios-sdk" */;
			productName = FirebaseFirestore;
		};
		104E13782774AAAD0061BE6E /* FirebaseStorage */ = {
			isa = XCSwiftPackageProductDependency;
			package = 104E13712774AAAD0061BE6E /* XCRemoteSwiftPackageReference "firebase-ios-sdk" */;
			productName = FirebaseStorage;
		};
		106696E9277B306C00B43A7C /* SDWebImage */ = {
			isa = XCSwiftPackageProductDependency;
			package = 106696E8277B306C00B43A7C /* XCRemoteSwiftPackageReference "SDWebImage" */;
			productName = SDWebImage;
		};
		106696EB277B306C00B43A7C /* SDWebImageMapKit */ = {
			isa = XCSwiftPackageProductDependency;
			package = 106696E8277B306C00B43A7C /* XCRemoteSwiftPackageReference "SDWebImage" */;
			productName = SDWebImageMapKit;
		};
/* End XCSwiftPackageProductDependency section */
	};
	rootObject = 1066968D276612D800A660AC /* Project object */;
}
